
Microsoft Visual Studio Solution File, Format Version 12.00
# Visual Studio 15
VisualStudioVersion = 15.0.28307.329
MinimumVisualStudioVersion = 10.0.40219.1
Project("{FAE04EC0-301F-11D3-BF4B-00C04F79EFBC}") = "01 Restorant Sipariş Uygulaması", "01 Restorant Sipariş Uygulaması\01 Restorant Sipariş Uygulaması.csproj", "{CA5A64E1-9530-4EBA-8018-A2FC7D8BD4A3}"
EndProject
Project("{FAE04EC0-301F-11D3-BF4B-00C04F79EFBC}") = "02 Sayısal Loto", "02 Sayısal Loto\02 Sayısal Loto.csproj", "{87D9D513-AD42-4106-B3AA-50DBB7493C32}"
EndProject
Global
	GlobalSection(SolutionConfigurationPlatforms) = preSolution
		Debug|Any CPU = Debug|Any CPU
		Release|Any CPU = Release|Any CPU
	EndGlobalSection
	GlobalSection(ProjectConfigurationPlatforms) = postSolution
		{CA5A64E1-9530-4EBA-8018-A2FC7D8BD4A3}.Debug|Any CPU.ActiveCfg = Debug|Any CPU
		{CA5A64E1-9530-4EBA-8018-A2FC7D8BD4A3}.Debug|Any CPU.Build.0 = Debug|Any CPU
		{CA5A64E1-9530-4EBA-8018-A2FC7D8BD4A3}.Release|Any CPU.ActiveCfg = Release|Any CPU
		{CA5A64E1-9530-4EBA-8018-A2FC7D8BD4A3}.Release|Any CPU.Build.0 = Release|Any CPU
		{87D9D513-AD42-4106-B3AA-50DBB7493C32}.Debug|Any CPU.ActiveCfg = Debug|Any CPU
		{87D9D513-AD42-4106-B3AA-50DBB7493C32}.Debug|Any CPU.Build.0 = Debug|Any CPU
		{87D9D513-AD42-4106-B3AA-50DBB7493C32}.Release|Any CPU.ActiveCfg = Release|Any CPU
		{87D9D513-AD42-4106-B3AA-50DBB7493C32}.Release|Any CPU.Build.0 = Release|Any CPU
	EndGlobalSection
	GlobalSection(SolutionProperties) = preSolution
		HideSolutionNode = FALSE
	EndGlobalSection
	GlobalSection(ExtensibilityGlobals) = postSolution
		SolutionGuid = {56249C3D-D54C-49EF-BEE2-719A460AB05B}
	EndGlobalSection
EndGlobal
